// !$*UTF8*$!
{
	archiveVersion = 1;
	classes = {
	};
	objectVersion = 60;
	objects = {

/* Begin PBXBuildFile section */
		951E21172C224F4500E10B70 /* EditProfile.swift in Sources */ = {isa = PBXBuildFile; fileRef = 951E21162C224F4500E10B70 /* EditProfile.swift */; };
		951E21192C22519000E10B70 /* ProfileImageGrid.swift in Sources */ = {isa = PBXBuildFile; fileRef = 951E21182C22519000E10B70 /* ProfileImageGrid.swift */; };
		951E211B2C22638A00E10B70 /* Match.swift in Sources */ = {isa = PBXBuildFile; fileRef = 951E211A2C22638A00E10B70 /* Match.swift */; };
		951E211F2C226D7400E10B70 /* MatchManager.swift in Sources */ = {isa = PBXBuildFile; fileRef = 951E211E2C226D7400E10B70 /* MatchManager.swift */; };
		951E21222C227A6400E10B70 /* NewMatches.swift in Sources */ = {isa = PBXBuildFile; fileRef = 951E21212C227A6400E10B70 /* NewMatches.swift */; };
		951E21242C227AA400E10B70 /* Messages.swift in Sources */ = {isa = PBXBuildFile; fileRef = 951E21232C227AA400E10B70 /* Messages.swift */; };
		95264F4F2C248BD500404164 /* AuthDataStore.swift in Sources */ = {isa = PBXBuildFile; fileRef = 95264F4E2C248BCB00404164 /* AuthDataStore.swift */; };
		95264F522C24929100404164 /* AuthModels.swift in Sources */ = {isa = PBXBuildFile; fileRef = 95264F512C24928C00404164 /* AuthModels.swift */; };
		95264F552C24B25200404164 /* GoogleService-Info.plist in Resources */ = {isa = PBXBuildFile; fileRef = 95264F542C24B25200404164 /* GoogleService-Info.plist */; };
		952A746F2C22386300F3D48B /* Legal.swift in Sources */ = {isa = PBXBuildFile; fileRef = 952A746E2C22386000F3D48B /* Legal.swift */; };
		95369ABE2C20FC3300D3D78D /* ImageScrollingOverlay.swift in Sources */ = {isa = PBXBuildFile; fileRef = 95369ABD2C20FC3300D3D78D /* ImageScrollingOverlay.swift */; };
		95369AC02C21019A00D3D78D /* CardImageIndicator.swift in Sources */ = {isa = PBXBuildFile; fileRef = 95369ABF2C21019A00D3D78D /* CardImageIndicator.swift */; };
		95369AC32C21054600D3D78D /* CardStack.swift in Sources */ = {isa = PBXBuildFile; fileRef = 95369AC22C21054600D3D78D /* CardStack.swift */; };
		95369AC52C2105B700D3D78D /* Home.swift in Sources */ = {isa = PBXBuildFile; fileRef = 95369AC42C2105B700D3D78D /* Home.swift */; };
		95369AC72C2119D600D3D78D /* UserModels.swift in Sources */ = {isa = PBXBuildFile; fileRef = 95369AC62C2119D600D3D78D /* UserModels.swift */; };
		95369AC92C211A9A00D3D78D /* CardModels.swift in Sources */ = {isa = PBXBuildFile; fileRef = 95369AC82C211A9700D3D78D /* CardModels.swift */; };
		95369ACD2C211B2100D3D78D /* CardsViewModel.swift in Sources */ = {isa = PBXBuildFile; fileRef = 95369ACC2C211B2100D3D78D /* CardsViewModel.swift */; };
		95369AD22C211C7F00D3D78D /* CardService.swift in Sources */ = {isa = PBXBuildFile; fileRef = 95369AD12C211C7800D3D78D /* CardService.swift */; };
		95369AD42C211D4400D3D78D /* MockData.swift in Sources */ = {isa = PBXBuildFile; fileRef = 95369AD32C211D4400D3D78D /* MockData.swift */; };
		95369AD62C21CAA500D3D78D /* TikTokEntry.swift in Sources */ = {isa = PBXBuildFile; fileRef = 95369AD52C21CAA500D3D78D /* TikTokEntry.swift */; };
		95369ADC2C21D39A00D3D78D /* Weather Sunday - Personal Use.otf in Resources */ = {isa = PBXBuildFile; fileRef = 95369ADB2C21D39A00D3D78D /* Weather Sunday - Personal Use.otf */; };
		95369ADD2C21D39A00D3D78D /* Weather Sunday - Personal Use.otf in Resources */ = {isa = PBXBuildFile; fileRef = 95369ADB2C21D39A00D3D78D /* Weather Sunday - Personal Use.otf */; };
		9546A9882C21EBDE00773D8E /* SwipeActionButtons.swift in Sources */ = {isa = PBXBuildFile; fileRef = 9546A9872C21EBDE00773D8E /* SwipeActionButtons.swift */; };
		9546A98A2C21F13A00773D8E /* SwipeActions.swift in Sources */ = {isa = PBXBuildFile; fileRef = 9546A9892C21F13100773D8E /* SwipeActions.swift */; };
		9546A98D2C21FEE800773D8E /* UserProfileView.swift in Sources */ = {isa = PBXBuildFile; fileRef = 9546A98C2C21FEE800773D8E /* UserProfileView.swift */; };
		9546A98F2C22174D00773D8E /* Profile.swift in Sources */ = {isa = PBXBuildFile; fileRef = 9546A98E2C22174500773D8E /* Profile.swift */; };
		9546A9912C22186A00773D8E /* Header.swift in Sources */ = {isa = PBXBuildFile; fileRef = 9546A9902C22186A00773D8E /* Header.swift */; };
		954B5F972C0D0E690022F859 /* SoulSyncUITests.swift in Sources */ = {isa = PBXBuildFile; fileRef = 954B5F962C0D0E690022F859 /* SoulSyncUITests.swift */; };
		954B5F992C0D0E690022F859 /* SoulSyncUITestsLaunchTests.swift in Sources */ = {isa = PBXBuildFile; fileRef = 954B5F982C0D0E690022F859 /* SoulSyncUITestsLaunchTests.swift */; };
		954EF3EE2B1573F800925972 /* SoulSyncApp.swift in Sources */ = {isa = PBXBuildFile; fileRef = 954EF3ED2B1573F800925972 /* SoulSyncApp.swift */; };
		954EF3F22B1573FA00925972 /* Assets.xcassets in Resources */ = {isa = PBXBuildFile; fileRef = 954EF3F12B1573FA00925972 /* Assets.xcassets */; };
		954EF3F52B1573FA00925972 /* Preview Assets.xcassets in Resources */ = {isa = PBXBuildFile; fileRef = 954EF3F42B1573FA00925972 /* Preview Assets.xcassets */; };
		954EF47B2B1CDCD100925972 /* PhoneNumberKit in Frameworks */ = {isa = PBXBuildFile; productRef = 954EF47A2B1CDCD100925972 /* PhoneNumberKit */; settings = {ATTRIBUTES = (Required, ); }; };
		955937612B40B0EF006BF0D3 /* SoulSyncTests.swift in Sources */ = {isa = PBXBuildFile; fileRef = 955937602B40B0EF006BF0D3 /* SoulSyncTests.swift */; };
		955C2D4C2C0CFC6D00F30F83 /* NetworkInfo.swift in Sources */ = {isa = PBXBuildFile; fileRef = 955C2D4B2C0CFC6C00F30F83 /* NetworkInfo.swift */; };
		956E7EA62C23663900C11C4A /* MatchModels.swift in Sources */ = {isa = PBXBuildFile; fileRef = 956E7EA52C23663500C11C4A /* MatchModels.swift */; };
		956E7EA82C2367F000C11C4A /* MatchService.swift in Sources */ = {isa = PBXBuildFile; fileRef = 956E7EA72C2367EA00C11C4A /* MatchService.swift */; };
		956E7EAA2C23681000C11C4A /* MockMatchService.swift in Sources */ = {isa = PBXBuildFile; fileRef = 956E7EA92C23680B00C11C4A /* MockMatchService.swift */; };
		9573E0BA2C25146C0004DD44 /* AppDelegate.swift in Sources */ = {isa = PBXBuildFile; fileRef = 9573E0B92C25146C0004DD44 /* AppDelegate.swift */; };
		9573E0BD2C25AFE90004DD44 /* Onboarding.swift in Sources */ = {isa = PBXBuildFile; fileRef = 9573E0BC2C25AFE90004DD44 /* Onboarding.swift */; };
		9573E0BF2C25B2AC0004DD44 /* OnboardingConstants.swift in Sources */ = {isa = PBXBuildFile; fileRef = 9573E0BE2C25B2AA0004DD44 /* OnboardingConstants.swift */; };
		957B94B52B4B1385009A52A7 /* iPhoneNumberField in Frameworks */ = {isa = PBXBuildFile; productRef = 957B94B42B4B1385009A52A7 /* iPhoneNumberField */; settings = {ATTRIBUTES = (Required, ); }; };
		958BED4A2C0BE73A000A5DE0 /* JailbreakDetector.swift in Sources */ = {isa = PBXBuildFile; fileRef = 958BED492C0BE73A000A5DE0 /* JailbreakDetector.swift */; };
		9598AE392B37337800899429 /* video1.mp4 in Resources */ = {isa = PBXBuildFile; fileRef = 9598AE362B37301C00899429 /* video1.mp4 */; };
		9598AE3A2B37337B00899429 /* video2.mp4 in Resources */ = {isa = PBXBuildFile; fileRef = 9598AE372B37301D00899429 /* video2.mp4 */; };
		95A191B02C24F29F00C7F9A9 /* FirebaseAnalytics in Frameworks */ = {isa = PBXBuildFile; productRef = 95A191AF2C24F29F00C7F9A9 /* FirebaseAnalytics */; };
		95A191B22C24F29F00C7F9A9 /* FirebaseAnalyticsOnDeviceConversion in Frameworks */ = {isa = PBXBuildFile; productRef = 95A191B12C24F29F00C7F9A9 /* FirebaseAnalyticsOnDeviceConversion */; };
		95A191B42C24F29F00C7F9A9 /* FirebaseAnalyticsSwift in Frameworks */ = {isa = PBXBuildFile; productRef = 95A191B32C24F29F00C7F9A9 /* FirebaseAnalyticsSwift */; };
		95A191B62C24F29F00C7F9A9 /* FirebaseAnalyticsWithoutAdIdSupport in Frameworks */ = {isa = PBXBuildFile; productRef = 95A191B52C24F29F00C7F9A9 /* FirebaseAnalyticsWithoutAdIdSupport */; };
		95A191B82C24F29F00C7F9A9 /* FirebaseAppCheck in Frameworks */ = {isa = PBXBuildFile; productRef = 95A191B72C24F29F00C7F9A9 /* FirebaseAppCheck */; };
		95A191BF2C24F48000C7F9A9 /* NotifacationService.swift in Sources */ = {isa = PBXBuildFile; fileRef = 95A191BE2C24F46D00C7F9A9 /* NotifacationService.swift */; };
		95A191C12C24F4E300C7F9A9 /* NotificationServiceProtocol.swift in Sources */ = {isa = PBXBuildFile; fileRef = 95A191C02C24F4E200C7F9A9 /* NotificationServiceProtocol.swift */; };
		95A191C42C24F8E100C7F9A9 /* DeviceIDProvider.swift in Sources */ = {isa = PBXBuildFile; fileRef = 95A191C32C24F8C300C7F9A9 /* DeviceIDProvider.swift */; };
		95A191C62C2505BB00C7F9A9 /* FirebaseAuth in Frameworks */ = {isa = PBXBuildFile; productRef = 95A191C52C2505BB00C7F9A9 /* FirebaseAuth */; };
		95A191C82C2505C800C7F9A9 /* FirebaseFirestore in Frameworks */ = {isa = PBXBuildFile; productRef = 95A191C72C2505C800C7F9A9 /* FirebaseFirestore */; };
		95A191CA2C2505C800C7F9A9 /* FirebaseFirestoreSwift in Frameworks */ = {isa = PBXBuildFile; productRef = 95A191C92C2505C800C7F9A9 /* FirebaseFirestoreSwift */; };
		95A191CC2C2505D400C7F9A9 /* FirebaseStorage in Frameworks */ = {isa = PBXBuildFile; productRef = 95A191CB2C2505D400C7F9A9 /* FirebaseStorage */; };
		95B13CE52C236D26000D5540 /* NewMatchItem.swift in Sources */ = {isa = PBXBuildFile; fileRef = 95B13CE42C236D26000D5540 /* NewMatchItem.swift */; };
		95B13CE82C237A9C000D5540 /* Auth.swift in Sources */ = {isa = PBXBuildFile; fileRef = 95B13CE72C237A9C000D5540 /* Auth.swift */; };
		95B13CEA2C237FD7000D5540 /* Email.swift in Sources */ = {isa = PBXBuildFile; fileRef = 95B13CE92C237FD7000D5540 /* Email.swift */; };
		95B13CEC2C238263000D5540 /* Password.swift in Sources */ = {isa = PBXBuildFile; fileRef = 95B13CEB2C238263000D5540 /* Password.swift */; };
		95B13CEF2C238491000D5540 /* MatchServiceProtocol.swift in Sources */ = {isa = PBXBuildFile; fileRef = 95B13CEE2C238487000D5540 /* MatchServiceProtocol.swift */; };
		95B13CF12C2384B6000D5540 /* AuthServiceProtocol.swift in Sources */ = {isa = PBXBuildFile; fileRef = 95B13CF02C2384A4000D5540 /* AuthServiceProtocol.swift */; };
		95B13CF32C2384F5000D5540 /* MockAuthService.swift in Sources */ = {isa = PBXBuildFile; fileRef = 95B13CF22C2384F1000D5540 /* MockAuthService.swift */; };
		95B13CF52C238505000D5540 /* AuthService.swift in Sources */ = {isa = PBXBuildFile; fileRef = 95B13CF42C238501000D5540 /* AuthService.swift */; };
		95B13CF72C2386CF000D5540 /* AuthManager.swift in Sources */ = {isa = PBXBuildFile; fileRef = 95B13CF62C2386CF000D5540 /* AuthManager.swift */; };
		95D14F912C208E5E00592F52 /* UITemplateDecider.swift in Sources */ = {isa = PBXBuildFile; fileRef = 95D14F902C208E5E00592F52 /* UITemplateDecider.swift */; };
		95D14F952C20924000592F52 /* MainTabBar.swift in Sources */ = {isa = PBXBuildFile; fileRef = 95D14F942C20924000592F52 /* MainTabBar.swift */; };
		95D14F972C20974300592F52 /* Card.swift in Sources */ = {isa = PBXBuildFile; fileRef = 95D14F962C20974300592F52 /* Card.swift */; };
		95D14F992C20980D00592F52 /* TinderEntry.swift in Sources */ = {isa = PBXBuildFile; fileRef = 95D14F982C20980D00592F52 /* TinderEntry.swift */; };
		95D14F9B2C20C6BE00592F52 /* Media.xcassets in Resources */ = {isa = PBXBuildFile; fileRef = 95D14F9A2C20C6BE00592F52 /* Media.xcassets */; };
		95D14F9D2C20CEFD00592F52 /* CardUserInfo.swift in Sources */ = {isa = PBXBuildFile; fileRef = 95D14F9C2C20CEFD00592F52 /* CardUserInfo.swift */; };
		95D14F9F2C20D7BB00592F52 /* SwipeActionIndicator.swift in Sources */ = {isa = PBXBuildFile; fileRef = 95D14F9E2C20D7BB00592F52 /* SwipeActionIndicator.swift */; };
		95D14FA12C20DC4F00592F52 /* Size.swift in Sources */ = {isa = PBXBuildFile; fileRef = 95D14FA02C20DC4A00592F52 /* Size.swift */; };
		95E893262C1D351600F27E08 /* Messages.framework in Frameworks */ = {isa = PBXBuildFile; fileRef = 95E893252C1D351600F27E08 /* Messages.framework */; };
		95E893292C1D351600F27E08 /* MessagesViewController.swift in Sources */ = {isa = PBXBuildFile; fileRef = 95E893282C1D351600F27E08 /* MessagesViewController.swift */; };
		95E8932C2C1D351600F27E08 /* Base in Resources */ = {isa = PBXBuildFile; fileRef = 95E8932B2C1D351600F27E08 /* Base */; };
		95E8932E2C1D351800F27E08 /* Assets.xcassets in Resources */ = {isa = PBXBuildFile; fileRef = 95E8932D2C1D351800F27E08 /* Assets.xcassets */; };
		95E893322C1D351800F27E08 /* SoulSync iMessage extension.appex in Embed Foundation Extensions */ = {isa = PBXBuildFile; fileRef = 95E893242C1D351600F27E08 /* SoulSync iMessage extension.appex */; settings = {ATTRIBUTES = (RemoveHeadersOnCopy, ); }; };
		95E8933E2C1D3DE600F27E08 /* 1.png in Resources */ = {isa = PBXBuildFile; fileRef = 95E8933D2C1D3DE600F27E08 /* 1.png */; };
		95E893422C1DCEA500F27E08 /* TabBar.swift in Sources */ = {isa = PBXBuildFile; fileRef = 95E893412C1DCEA500F27E08 /* TabBar.swift */; };
		95E893462C1DF0EA00F27E08 /* Feed.swift in Sources */ = {isa = PBXBuildFile; fileRef = 95E893452C1DF0EA00F27E08 /* Feed.swift */; };
		95E893482C1DF27100F27E08 /* FeedCell.swift in Sources */ = {isa = PBXBuildFile; fileRef = 95E893472C1DF27100F27E08 /* FeedCell.swift */; };
		95EB6FA72B55B968005CD892 /* Launch Screen.storyboard in Resources */ = {isa = PBXBuildFile; fileRef = 95EB6FA62B55B968005CD892 /* Launch Screen.storyboard */; };
		95EB6FA92B55BA69005CD892 /* Launch Screen Assets.xcassets in Resources */ = {isa = PBXBuildFile; fileRef = 95EB6FA82B55BA69005CD892 /* Launch Screen Assets.xcassets */; };
/* End PBXBuildFile section */

/* Begin PBXContainerItemProxy section */
		954B5F9A2C0D0E690022F859 /* PBXContainerItemProxy */ = {
			isa = PBXContainerItemProxy;
			containerPortal = 954EF3E22B1573F800925972 /* Project object */;
			proxyType = 1;
			remoteGlobalIDString = 954EF3E92B1573F800925972;
			remoteInfo = SoulSync;
		};
		955937622B40B0EF006BF0D3 /* PBXContainerItemProxy */ = {
			isa = PBXContainerItemProxy;
			containerPortal = 954EF3E22B1573F800925972 /* Project object */;
			proxyType = 1;
			remoteGlobalIDString = 954EF3E92B1573F800925972;
			remoteInfo = SoulSync;
		};
		95E893302C1D351800F27E08 /* PBXContainerItemProxy */ = {
			isa = PBXContainerItemProxy;
			containerPortal = 954EF3E22B1573F800925972 /* Project object */;
			proxyType = 1;
			remoteGlobalIDString = 95E893232C1D351600F27E08;
			remoteInfo = "SoulSync iMessage extension";
		};
/* End PBXContainerItemProxy section */

/* Begin PBXCopyFilesBuildPhase section */
		954EF4532B1CD1DB00925972 /* Embed Frameworks */ = {
			isa = PBXCopyFilesBuildPhase;
			buildActionMask = 2147483647;
			dstPath = "";
			dstSubfolderSpec = 10;
			files = (
			);
			name = "Embed Frameworks";
			runOnlyForDeploymentPostprocessing = 0;
		};
		956ABBFA2C1D26DF00C2DF60 /* Embed Foundation Extensions */ = {
			isa = PBXCopyFilesBuildPhase;
			buildActionMask = 2147483647;
			dstPath = "";
			dstSubfolderSpec = 13;
			files = (
				95E893322C1D351800F27E08 /* SoulSync iMessage extension.appex in Embed Foundation Extensions */,
			);
			name = "Embed Foundation Extensions";
			runOnlyForDeploymentPostprocessing = 0;
		};
/* End PBXCopyFilesBuildPhase section */

/* Begin PBXFileReference section */
		951E21162C224F4500E10B70 /* EditProfile.swift */ = {isa = PBXFileReference; lastKnownFileType = sourcecode.swift; path = EditProfile.swift; sourceTree = "<group>"; };
		951E21182C22519000E10B70 /* ProfileImageGrid.swift */ = {isa = PBXFileReference; lastKnownFileType = sourcecode.swift; path = ProfileImageGrid.swift; sourceTree = "<group>"; };
		951E211A2C22638A00E10B70 /* Match.swift */ = {isa = PBXFileReference; lastKnownFileType = sourcecode.swift; path = Match.swift; sourceTree = "<group>"; };
		951E211E2C226D7400E10B70 /* MatchManager.swift */ = {isa = PBXFileReference; lastKnownFileType = sourcecode.swift; path = MatchManager.swift; sourceTree = "<group>"; };
		951E21212C227A6400E10B70 /* NewMatches.swift */ = {isa = PBXFileReference; lastKnownFileType = sourcecode.swift; path = NewMatches.swift; sourceTree = "<group>"; };
		951E21232C227AA400E10B70 /* Messages.swift */ = {isa = PBXFileReference; lastKnownFileType = sourcecode.swift; path = Messages.swift; sourceTree = "<group>"; };
		95264F4E2C248BCB00404164 /* AuthDataStore.swift */ = {isa = PBXFileReference; lastKnownFileType = sourcecode.swift; path = AuthDataStore.swift; sourceTree = "<group>"; };
		95264F512C24928C00404164 /* AuthModels.swift */ = {isa = PBXFileReference; lastKnownFileType = sourcecode.swift; path = AuthModels.swift; sourceTree = "<group>"; };
		95264F542C24B25200404164 /* GoogleService-Info.plist */ = {isa = PBXFileReference; lastKnownFileType = text.plist.xml; path = "GoogleService-Info.plist"; sourceTree = "<group>"; };
		952A746E2C22386000F3D48B /* Legal.swift */ = {isa = PBXFileReference; lastKnownFileType = sourcecode.swift; path = Legal.swift; sourceTree = "<group>"; };
		95369ABD2C20FC3300D3D78D /* ImageScrollingOverlay.swift */ = {isa = PBXFileReference; lastKnownFileType = sourcecode.swift; path = ImageScrollingOverlay.swift; sourceTree = "<group>"; };
		95369ABF2C21019A00D3D78D /* CardImageIndicator.swift */ = {isa = PBXFileReference; lastKnownFileType = sourcecode.swift; path = CardImageIndicator.swift; sourceTree = "<group>"; };
		95369AC22C21054600D3D78D /* CardStack.swift */ = {isa = PBXFileReference; lastKnownFileType = sourcecode.swift; path = CardStack.swift; sourceTree = "<group>"; };
		95369AC42C2105B700D3D78D /* Home.swift */ = {isa = PBXFileReference; lastKnownFileType = sourcecode.swift; path = Home.swift; sourceTree = "<group>"; };
		95369AC62C2119D600D3D78D /* UserModels.swift */ = {isa = PBXFileReference; lastKnownFileType = sourcecode.swift; path = UserModels.swift; sourceTree = "<group>"; };
		95369AC82C211A9700D3D78D /* CardModels.swift */ = {isa = PBXFileReference; lastKnownFileType = sourcecode.swift; path = CardModels.swift; sourceTree = "<group>"; };
		95369ACC2C211B2100D3D78D /* CardsViewModel.swift */ = {isa = PBXFileReference; lastKnownFileType = sourcecode.swift; path = CardsViewModel.swift; sourceTree = "<group>"; };
		95369AD12C211C7800D3D78D /* CardService.swift */ = {isa = PBXFileReference; lastKnownFileType = sourcecode.swift; path = CardService.swift; sourceTree = "<group>"; };
		95369AD32C211D4400D3D78D /* MockData.swift */ = {isa = PBXFileReference; lastKnownFileType = sourcecode.swift; path = MockData.swift; sourceTree = "<group>"; };
		95369AD52C21CAA500D3D78D /* TikTokEntry.swift */ = {isa = PBXFileReference; lastKnownFileType = sourcecode.swift; path = TikTokEntry.swift; sourceTree = "<group>"; };
		95369ADB2C21D39A00D3D78D /* Weather Sunday - Personal Use.otf */ = {isa = PBXFileReference; lastKnownFileType = file; path = "Weather Sunday - Personal Use.otf"; sourceTree = "<group>"; };
		9546A9872C21EBDE00773D8E /* SwipeActionButtons.swift */ = {isa = PBXFileReference; lastKnownFileType = sourcecode.swift; path = SwipeActionButtons.swift; sourceTree = "<group>"; };
		9546A9892C21F13100773D8E /* SwipeActions.swift */ = {isa = PBXFileReference; lastKnownFileType = sourcecode.swift; path = SwipeActions.swift; sourceTree = "<group>"; };
		9546A98C2C21FEE800773D8E /* UserProfileView.swift */ = {isa = PBXFileReference; lastKnownFileType = sourcecode.swift; path = UserProfileView.swift; sourceTree = "<group>"; };
		9546A98E2C22174500773D8E /* Profile.swift */ = {isa = PBXFileReference; lastKnownFileType = sourcecode.swift; path = Profile.swift; sourceTree = "<group>"; };
		9546A9902C22186A00773D8E /* Header.swift */ = {isa = PBXFileReference; lastKnownFileType = sourcecode.swift; path = Header.swift; sourceTree = "<group>"; };
		95489BF02B48646E004160F6 /* SoulSync.entitlements */ = {isa = PBXFileReference; lastKnownFileType = text.plist.entitlements; path = SoulSync.entitlements; sourceTree = "<group>"; };
		954B5F942C0D0E690022F859 /* SoulSyncUITests.xctest */ = {isa = PBXFileReference; explicitFileType = wrapper.cfbundle; includeInIndex = 0; path = SoulSyncUITests.xctest; sourceTree = BUILT_PRODUCTS_DIR; };
		954B5F962C0D0E690022F859 /* SoulSyncUITests.swift */ = {isa = PBXFileReference; lastKnownFileType = sourcecode.swift; path = SoulSyncUITests.swift; sourceTree = "<group>"; };
		954B5F982C0D0E690022F859 /* SoulSyncUITestsLaunchTests.swift */ = {isa = PBXFileReference; lastKnownFileType = sourcecode.swift; path = SoulSyncUITestsLaunchTests.swift; sourceTree = "<group>"; };
		954EF3EA2B1573F800925972 /* SoulSync.app */ = {isa = PBXFileReference; explicitFileType = wrapper.application; includeInIndex = 0; path = SoulSync.app; sourceTree = BUILT_PRODUCTS_DIR; };
		954EF3ED2B1573F800925972 /* SoulSyncApp.swift */ = {isa = PBXFileReference; lastKnownFileType = sourcecode.swift; path = SoulSyncApp.swift; sourceTree = "<group>"; };
		954EF3F12B1573FA00925972 /* Assets.xcassets */ = {isa = PBXFileReference; lastKnownFileType = folder.assetcatalog; path = Assets.xcassets; sourceTree = "<group>"; };
		954EF3F42B1573FA00925972 /* Preview Assets.xcassets */ = {isa = PBXFileReference; lastKnownFileType = folder.assetcatalog; path = "Preview Assets.xcassets"; sourceTree = "<group>"; };
		9559375E2B40B0EE006BF0D3 /* SoulSyncTests.xctest */ = {isa = PBXFileReference; explicitFileType = wrapper.cfbundle; includeInIndex = 0; path = SoulSyncTests.xctest; sourceTree = BUILT_PRODUCTS_DIR; };
		955937602B40B0EF006BF0D3 /* SoulSyncTests.swift */ = {isa = PBXFileReference; lastKnownFileType = sourcecode.swift; path = SoulSyncTests.swift; sourceTree = "<group>"; };
		955C2D4B2C0CFC6C00F30F83 /* NetworkInfo.swift */ = {isa = PBXFileReference; lastKnownFileType = sourcecode.swift; path = NetworkInfo.swift; sourceTree = "<group>"; };
		956E7EA52C23663500C11C4A /* MatchModels.swift */ = {isa = PBXFileReference; lastKnownFileType = sourcecode.swift; path = MatchModels.swift; sourceTree = "<group>"; };
		956E7EA72C2367EA00C11C4A /* MatchService.swift */ = {isa = PBXFileReference; lastKnownFileType = sourcecode.swift; path = MatchService.swift; sourceTree = "<group>"; };
		956E7EA92C23680B00C11C4A /* MockMatchService.swift */ = {isa = PBXFileReference; lastKnownFileType = sourcecode.swift; path = MockMatchService.swift; sourceTree = "<group>"; };
		9573E0B92C25146C0004DD44 /* AppDelegate.swift */ = {isa = PBXFileReference; lastKnownFileType = sourcecode.swift; path = AppDelegate.swift; sourceTree = "<group>"; };
		9573E0BC2C25AFE90004DD44 /* Onboarding.swift */ = {isa = PBXFileReference; lastKnownFileType = sourcecode.swift; path = Onboarding.swift; sourceTree = "<group>"; };
		9573E0BE2C25B2AA0004DD44 /* OnboardingConstants.swift */ = {isa = PBXFileReference; lastKnownFileType = sourcecode.swift; path = OnboardingConstants.swift; sourceTree = "<group>"; };
		958BED472C0BDC7B000A5DE0 /* server.cer */ = {isa = PBXFileReference; lastKnownFileType = file; path = server.cer; sourceTree = "<group>"; };
		958BED492C0BE73A000A5DE0 /* JailbreakDetector.swift */ = {isa = PBXFileReference; lastKnownFileType = sourcecode.swift; path = JailbreakDetector.swift; sourceTree = "<group>"; };
		9598AE362B37301C00899429 /* video1.mp4 */ = {isa = PBXFileReference; lastKnownFileType = file; path = video1.mp4; sourceTree = "<group>"; };
		9598AE372B37301D00899429 /* video2.mp4 */ = {isa = PBXFileReference; lastKnownFileType = file; path = video2.mp4; sourceTree = "<group>"; };
		95A191BE2C24F46D00C7F9A9 /* NotifacationService.swift */ = {isa = PBXFileReference; lastKnownFileType = sourcecode.swift; path = NotifacationService.swift; sourceTree = "<group>"; };
		95A191C02C24F4E200C7F9A9 /* NotificationServiceProtocol.swift */ = {isa = PBXFileReference; lastKnownFileType = sourcecode.swift; path = NotificationServiceProtocol.swift; sourceTree = "<group>"; };
		95A191C32C24F8C300C7F9A9 /* DeviceIDProvider.swift */ = {isa = PBXFileReference; lastKnownFileType = sourcecode.swift; path = DeviceIDProvider.swift; sourceTree = "<group>"; };
		95B13CE42C236D26000D5540 /* NewMatchItem.swift */ = {isa = PBXFileReference; lastKnownFileType = sourcecode.swift; path = NewMatchItem.swift; sourceTree = "<group>"; };
		95B13CE72C237A9C000D5540 /* Auth.swift */ = {isa = PBXFileReference; lastKnownFileType = sourcecode.swift; path = Auth.swift; sourceTree = "<group>"; };
		95B13CE92C237FD7000D5540 /* Email.swift */ = {isa = PBXFileReference; lastKnownFileType = sourcecode.swift; path = Email.swift; sourceTree = "<group>"; };
		95B13CEB2C238263000D5540 /* Password.swift */ = {isa = PBXFileReference; lastKnownFileType = sourcecode.swift; path = Password.swift; sourceTree = "<group>"; };
		95B13CEE2C238487000D5540 /* MatchServiceProtocol.swift */ = {isa = PBXFileReference; lastKnownFileType = sourcecode.swift; path = MatchServiceProtocol.swift; sourceTree = "<group>"; };
		95B13CF02C2384A4000D5540 /* AuthServiceProtocol.swift */ = {isa = PBXFileReference; lastKnownFileType = sourcecode.swift; path = AuthServiceProtocol.swift; sourceTree = "<group>"; };
		95B13CF22C2384F1000D5540 /* MockAuthService.swift */ = {isa = PBXFileReference; lastKnownFileType = sourcecode.swift; path = MockAuthService.swift; sourceTree = "<group>"; };
		95B13CF42C238501000D5540 /* AuthService.swift */ = {isa = PBXFileReference; lastKnownFileType = sourcecode.swift; path = AuthService.swift; sourceTree = "<group>"; };
		95B13CF62C2386CF000D5540 /* AuthManager.swift */ = {isa = PBXFileReference; lastKnownFileType = sourcecode.swift; path = AuthManager.swift; sourceTree = "<group>"; };
		95CC64152B3BB4B90010ABC2 /* Config.xcconfig */ = {isa = PBXFileReference; lastKnownFileType = text.xcconfig; path = Config.xcconfig; sourceTree = "<group>"; };
		95CC641A2B3BB9130010ABC2 /* Info.plist */ = {isa = PBXFileReference; fileEncoding = 4; lastKnownFileType = text.plist.xml; path = Info.plist; sourceTree = "<group>"; };
		95D14F902C208E5E00592F52 /* UITemplateDecider.swift */ = {isa = PBXFileReference; lastKnownFileType = sourcecode.swift; path = UITemplateDecider.swift; sourceTree = "<group>"; };
		95D14F942C20924000592F52 /* MainTabBar.swift */ = {isa = PBXFileReference; lastKnownFileType = sourcecode.swift; path = MainTabBar.swift; sourceTree = "<group>"; };
		95D14F962C20974300592F52 /* Card.swift */ = {isa = PBXFileReference; lastKnownFileType = sourcecode.swift; path = Card.swift; sourceTree = "<group>"; };
		95D14F982C20980D00592F52 /* TinderEntry.swift */ = {isa = PBXFileReference; lastKnownFileType = sourcecode.swift; path = TinderEntry.swift; sourceTree = "<group>"; };
		95D14F9A2C20C6BE00592F52 /* Media.xcassets */ = {isa = PBXFileReference; lastKnownFileType = folder.assetcatalog; path = Media.xcassets; sourceTree = "<group>"; };
		95D14F9C2C20CEFD00592F52 /* CardUserInfo.swift */ = {isa = PBXFileReference; lastKnownFileType = sourcecode.swift; path = CardUserInfo.swift; sourceTree = "<group>"; };
		95D14F9E2C20D7BB00592F52 /* SwipeActionIndicator.swift */ = {isa = PBXFileReference; lastKnownFileType = sourcecode.swift; path = SwipeActionIndicator.swift; sourceTree = "<group>"; };
		95D14FA02C20DC4A00592F52 /* Size.swift */ = {isa = PBXFileReference; lastKnownFileType = sourcecode.swift; path = Size.swift; sourceTree = "<group>"; };
		95E893242C1D351600F27E08 /* SoulSync iMessage extension.appex */ = {isa = PBXFileReference; explicitFileType = "wrapper.app-extension"; includeInIndex = 0; path = "SoulSync iMessage extension.appex"; sourceTree = BUILT_PRODUCTS_DIR; };
		95E893252C1D351600F27E08 /* Messages.framework */ = {isa = PBXFileReference; lastKnownFileType = wrapper.framework; name = Messages.framework; path = System/Library/Frameworks/Messages.framework; sourceTree = SDKROOT; };
		95E893282C1D351600F27E08 /* MessagesViewController.swift */ = {isa = PBXFileReference; lastKnownFileType = sourcecode.swift; path = MessagesViewController.swift; sourceTree = "<group>"; };
		95E8932B2C1D351600F27E08 /* Base */ = {isa = PBXFileReference; lastKnownFileType = file.storyboard; name = Base; path = Base.lproj/MainInterface.storyboard; sourceTree = "<group>"; };
		95E8932D2C1D351800F27E08 /* Assets.xcassets */ = {isa = PBXFileReference; lastKnownFileType = folder.assetcatalog; path = Assets.xcassets; sourceTree = "<group>"; };
		95E8932F2C1D351800F27E08 /* Info.plist */ = {isa = PBXFileReference; lastKnownFileType = text.plist.xml; path = Info.plist; sourceTree = "<group>"; };
		95E8933D2C1D3DE600F27E08 /* 1.png */ = {isa = PBXFileReference; lastKnownFileType = image.png; path = 1.png; sourceTree = "<group>"; };
		95E893402C1DC98A00F27E08 /* SoulSync iMessage extension.entitlements */ = {isa = PBXFileReference; lastKnownFileType = text.plist.entitlements; path = "SoulSync iMessage extension.entitlements"; sourceTree = "<group>"; };
		95E893412C1DCEA500F27E08 /* TabBar.swift */ = {isa = PBXFileReference; lastKnownFileType = sourcecode.swift; path = TabBar.swift; sourceTree = "<group>"; };
		95E893452C1DF0EA00F27E08 /* Feed.swift */ = {isa = PBXFileReference; lastKnownFileType = sourcecode.swift; path = Feed.swift; sourceTree = "<group>"; };
		95E893472C1DF27100F27E08 /* FeedCell.swift */ = {isa = PBXFileReference; lastKnownFileType = sourcecode.swift; path = FeedCell.swift; sourceTree = "<group>"; };
		95EB6FA62B55B968005CD892 /* Launch Screen.storyboard */ = {isa = PBXFileReference; lastKnownFileType = file.storyboard; path = "Launch Screen.storyboard"; sourceTree = "<group>"; };
		95EB6FA82B55BA69005CD892 /* Launch Screen Assets.xcassets */ = {isa = PBXFileReference; lastKnownFileType = folder.assetcatalog; path = "Launch Screen Assets.xcassets"; sourceTree = "<group>"; };
/* End PBXFileReference section */

/* Begin PBXFrameworksBuildPhase section */
		954B5F912C0D0E690022F859 /* Frameworks */ = {
			isa = PBXFrameworksBuildPhase;
			buildActionMask = 2147483647;
			files = (
			);
			runOnlyForDeploymentPostprocessing = 0;
		};
		954EF3E72B1573F800925972 /* Frameworks */ = {
			isa = PBXFrameworksBuildPhase;
			buildActionMask = 2147483647;
			files = (
				954EF47B2B1CDCD100925972 /* PhoneNumberKit in Frameworks */,
				95A191B62C24F29F00C7F9A9 /* FirebaseAnalyticsWithoutAdIdSupport in Frameworks */,
				957B94B52B4B1385009A52A7 /* iPhoneNumberField in Frameworks */,
				95A191B02C24F29F00C7F9A9 /* FirebaseAnalytics in Frameworks */,
				95A191B82C24F29F00C7F9A9 /* FirebaseAppCheck in Frameworks */,
				95A191CA2C2505C800C7F9A9 /* FirebaseFirestoreSwift in Frameworks */,
				95A191C82C2505C800C7F9A9 /* FirebaseFirestore in Frameworks */,
				95A191B22C24F29F00C7F9A9 /* FirebaseAnalyticsOnDeviceConversion in Frameworks */,
				95A191CC2C2505D400C7F9A9 /* FirebaseStorage in Frameworks */,
				95A191B42C24F29F00C7F9A9 /* FirebaseAnalyticsSwift in Frameworks */,
				95A191C62C2505BB00C7F9A9 /* FirebaseAuth in Frameworks */,
			);
			runOnlyForDeploymentPostprocessing = 0;
		};
		9559375B2B40B0EE006BF0D3 /* Frameworks */ = {
			isa = PBXFrameworksBuildPhase;
			buildActionMask = 2147483647;
			files = (
			);
			runOnlyForDeploymentPostprocessing = 0;
		};
		95E893212C1D351600F27E08 /* Frameworks */ = {
			isa = PBXFrameworksBuildPhase;
			buildActionMask = 2147483647;
			files = (
				95E893262C1D351600F27E08 /* Messages.framework in Frameworks */,
			);
			runOnlyForDeploymentPostprocessing = 0;
		};
/* End PBXFrameworksBuildPhase section */

/* Begin PBXGroup section */
		95118B372C112F6F00C867FB /* Debugging */ = {
			isa = PBXGroup;
			children = (
			);
			path = Debugging;
			sourceTree = "<group>";
		};
		951E21152C224F3300E10B70 /* EditProfile */ = {
			isa = PBXGroup;
			children = (
				951E21162C224F4500E10B70 /* EditProfile.swift */,
				951E21182C22519000E10B70 /* ProfileImageGrid.swift */,
			);
			path = EditProfile;
			sourceTree = "<group>";
		};
		951E211D2C226D5900E10B70 /* Managers */ = {
			isa = PBXGroup;
			children = (
				95B13CF62C2386CF000D5540 /* AuthManager.swift */,
				951E211E2C226D7400E10B70 /* MatchManager.swift */,
			);
			path = Managers;
			sourceTree = "<group>";
		};
		951E21202C227A4000E10B70 /* Messages */ = {
			isa = PBXGroup;
			children = (
				951E21232C227AA400E10B70 /* Messages.swift */,
				951E21212C227A6400E10B70 /* NewMatches.swift */,
				95B13CE42C236D26000D5540 /* NewMatchItem.swift */,
			);
			path = Messages;
			sourceTree = "<group>";
		};
		95264F4B2C248B7B00404164 /* DataStore */ = {
			isa = PBXGroup;
			children = (
				95264F4E2C248BCB00404164 /* AuthDataStore.swift */,
			);
			path = DataStore;
			sourceTree = "<group>";
		};
		952E8D982B2F6EF70055CEEA /* Data */ = {
			isa = PBXGroup;
			children = (
			);
			path = Data;
			sourceTree = "<group>";
		};
		952E8D9B2B2F6F610055CEEA /* Models */ = {
			isa = PBXGroup;
			children = (
				95264F512C24928C00404164 /* AuthModels.swift */,
				95369AC82C211A9700D3D78D /* CardModels.swift */,
				956E7EA52C23663500C11C4A /* MatchModels.swift */,
				9546A9892C21F13100773D8E /* SwipeActions.swift */,
				95369AC62C2119D600D3D78D /* UserModels.swift */,
			);
			path = Models;
			sourceTree = "<group>";
		};
		952E8D9E2B2F72DD0055CEEA /* Utils */ = {
			isa = PBXGroup;
			children = (
			);
			path = Utils;
			sourceTree = "<group>";
		};
		95369ABC2C20FC0D00D3D78D /* Card */ = {
			isa = PBXGroup;
			children = (
				95D14F962C20974300592F52 /* Card.swift */,
				95D14F9C2C20CEFD00592F52 /* CardUserInfo.swift */,
				95D14F9E2C20D7BB00592F52 /* SwipeActionIndicator.swift */,
				95369ABD2C20FC3300D3D78D /* ImageScrollingOverlay.swift */,
				95369ABF2C21019A00D3D78D /* CardImageIndicator.swift */,
				9546A98C2C21FEE800773D8E /* UserProfileView.swift */,
				951E211A2C22638A00E10B70 /* Match.swift */,
			);
			path = Card;
			sourceTree = "<group>";
		};
		95369AC12C21051E00D3D78D /* Home */ = {
			isa = PBXGroup;
			children = (
				95369AC42C2105B700D3D78D /* Home.swift */,
				95369AC22C21054600D3D78D /* CardStack.swift */,
				9546A9872C21EBDE00773D8E /* SwipeActionButtons.swift */,
				95369ABC2C20FC0D00D3D78D /* Card */,
			);
			path = Home;
			sourceTree = "<group>";
		};
		95369ACF2C211B5500D3D78D /* ViewModels */ = {
			isa = PBXGroup;
			children = (
				95369ACC2C211B2100D3D78D /* CardsViewModel.swift */,
			);
			path = ViewModels;
			sourceTree = "<group>";
		};
		95369AD02C211C5A00D3D78D /* Services */ = {
			isa = PBXGroup;
			children = (
				95B13CF42C238501000D5540 /* AuthService.swift */,
				95369AD12C211C7800D3D78D /* CardService.swift */,
				956E7EA72C2367EA00C11C4A /* MatchService.swift */,
				95B13CF22C2384F1000D5540 /* MockAuthService.swift */,
				956E7EA92C23680B00C11C4A /* MockMatchService.swift */,
				95A191BE2C24F46D00C7F9A9 /* NotifacationService.swift */,
			);
			path = Services;
			sourceTree = "<group>";
		};
		95369ADA2C21D31D00D3D78D /* Fonts */ = {
			isa = PBXGroup;
			children = (
				95369ADB2C21D39A00D3D78D /* Weather Sunday - Personal Use.otf */,
			);
			path = Fonts;
			sourceTree = "<group>";
		};
		9546A98B2C21FEA700773D8E /* Profile */ = {
			isa = PBXGroup;
			children = (
				9546A98E2C22174500773D8E /* Profile.swift */,
				9546A9902C22186A00773D8E /* Header.swift */,
				951E21152C224F3300E10B70 /* EditProfile */,
			);
			path = Profile;
			sourceTree = "<group>";
		};
		954B5F952C0D0E690022F859 /* SoulSyncUITests */ = {
			isa = PBXGroup;
			children = (
				954B5F962C0D0E690022F859 /* SoulSyncUITests.swift */,
				954B5F982C0D0E690022F859 /* SoulSyncUITestsLaunchTests.swift */,
			);
			path = SoulSyncUITests;
			sourceTree = "<group>";
		};
		954EF3E12B1573F800925972 = {
			isa = PBXGroup;
			children = (
				95369ADA2C21D31D00D3D78D /* Fonts */,
				954EF3EC2B1573F800925972 /* SoulSync */,
				9559375F2B40B0EF006BF0D3 /* SoulSyncTests */,
				954B5F952C0D0E690022F859 /* SoulSyncUITests */,
				95E893272C1D351600F27E08 /* SoulSync iMessage extension */,
				954EF3EB2B1573F800925972 /* Products */,
				954EF45E2B1CD40D00925972 /* Frameworks */,
			);
			sourceTree = "<group>";
		};
		954EF3EB2B1573F800925972 /* Products */ = {
			isa = PBXGroup;
			children = (
				954EF3EA2B1573F800925972 /* SoulSync.app */,
				9559375E2B40B0EE006BF0D3 /* SoulSyncTests.xctest */,
				954B5F942C0D0E690022F859 /* SoulSyncUITests.xctest */,
				95E893242C1D351600F27E08 /* SoulSync iMessage extension.appex */,
			);
			name = Products;
			sourceTree = "<group>";
		};
		954EF3EC2B1573F800925972 /* SoulSync */ = {
			isa = PBXGroup;
			children = (
				95489BF02B48646E004160F6 /* SoulSync.entitlements */,
				958BED472C0BDC7B000A5DE0 /* server.cer */,
				95CC641A2B3BB9130010ABC2 /* Info.plist */,
				95264F542C24B25200404164 /* GoogleService-Info.plist */,
				95EB6FA62B55B968005CD892 /* Launch Screen.storyboard */,
				954EF3ED2B1573F800925972 /* SoulSyncApp.swift */,
				9573E0B92C25146C0004DD44 /* AppDelegate.swift */,
				958BED482C0BE6FD000A5DE0 /* AntiTheift */,
				95CC64142B3BB4770010ABC2 /* Constants */,
				952E8D982B2F6EF70055CEEA /* Data */,
				95264F4B2C248B7B00404164 /* DataStore */,
				95118B372C112F6F00C867FB /* Debugging */,
				951E211D2C226D5900E10B70 /* Managers */,
				952E8D9B2B2F6F610055CEEA /* Models */,
				958BED442C0BDA4A000A5DE0 /* Networking */,
				95B13CED2C238468000D5540 /* Protocols */,
				95A191C22C24F8B600C7F9A9 /* Providers */,
				95369AD02C211C5A00D3D78D /* Services */,
				9598AE382B37302500899429 /* TestingData */,
				952E8D9E2B2F72DD0055CEEA /* Utils */,
				95A8665A2C0AB0C000B7C2A7 /* ViewControllers */,
				95369ACF2C211B5500D3D78D /* ViewModels */,
				954EF3FB2B164E8500925972 /* Views */,
				954EF3F32B1573FA00925972 /* Preview Content */,
				954EF3F12B1573FA00925972 /* Assets.xcassets */,
				95EB6FA82B55BA69005CD892 /* Launch Screen Assets.xcassets */,
				95CC64152B3BB4B90010ABC2 /* Config.xcconfig */,
			);
			path = SoulSync;
			sourceTree = "<group>";
		};
		954EF3F32B1573FA00925972 /* Preview Content */ = {
			isa = PBXGroup;
			children = (
				954EF3F42B1573FA00925972 /* Preview Assets.xcassets */,
			);
			path = "Preview Content";
			sourceTree = "<group>";
		};
		954EF3FB2B164E8500925972 /* Views */ = {
			isa = PBXGroup;
			children = (
				95D14F902C208E5E00592F52 /* UITemplateDecider.swift */,
				95D14F8F2C208D1D00592F52 /* TinderBased */,
				95D14F8E2C208D0800592F52 /* TikTokBased */,
			);
			path = Views;
			sourceTree = "<group>";
		};
		954EF45E2B1CD40D00925972 /* Frameworks */ = {
			isa = PBXGroup;
			children = (
				95E893252C1D351600F27E08 /* Messages.framework */,
			);
			name = Frameworks;
			sourceTree = "<group>";
		};
		9559375F2B40B0EF006BF0D3 /* SoulSyncTests */ = {
			isa = PBXGroup;
			children = (
				955937602B40B0EF006BF0D3 /* SoulSyncTests.swift */,
			);
			path = SoulSyncTests;
			sourceTree = "<group>";
		};
		9573E0BB2C25AFAC0004DD44 /* Onboarding */ = {
			isa = PBXGroup;
			children = (
				9573E0BC2C25AFE90004DD44 /* Onboarding.swift */,
			);
			path = Onboarding;
			sourceTree = "<group>";
		};
		958BED442C0BDA4A000A5DE0 /* Networking */ = {
			isa = PBXGroup;
			children = (
			);
			path = Networking;
			sourceTree = "<group>";
		};
		958BED482C0BE6FD000A5DE0 /* AntiTheift */ = {
			isa = PBXGroup;
			children = (
				958BED492C0BE73A000A5DE0 /* JailbreakDetector.swift */,
			);
			path = AntiTheift;
			sourceTree = "<group>";
		};
		9598AE382B37302500899429 /* TestingData */ = {
			isa = PBXGroup;
			children = (
				9598AE362B37301C00899429 /* video1.mp4 */,
				9598AE372B37301D00899429 /* video2.mp4 */,
				95D14F9A2C20C6BE00592F52 /* Media.xcassets */,
				95369AD32C211D4400D3D78D /* MockData.swift */,
			);
			path = TestingData;
			sourceTree = "<group>";
		};
		95A191C22C24F8B600C7F9A9 /* Providers */ = {
			isa = PBXGroup;
			children = (
				95A191C32C24F8C300C7F9A9 /* DeviceIDProvider.swift */,
			);
			path = Providers;
			sourceTree = "<group>";
		};
		95A8665A2C0AB0C000B7C2A7 /* ViewControllers */ = {
			isa = PBXGroup;
			children = (
			);
			path = ViewControllers;
			sourceTree = "<group>";
		};
		95B13CE62C237A83000D5540 /* Auth */ = {
			isa = PBXGroup;
			children = (
				95B13CE72C237A9C000D5540 /* Auth.swift */,
				95B13CE92C237FD7000D5540 /* Email.swift */,
				95B13CEB2C238263000D5540 /* Password.swift */,
			);
			path = Auth;
			sourceTree = "<group>";
		};
		95B13CED2C238468000D5540 /* Protocols */ = {
			isa = PBXGroup;
			children = (
				95B13CF02C2384A4000D5540 /* AuthServiceProtocol.swift */,
				95B13CEE2C238487000D5540 /* MatchServiceProtocol.swift */,
				95A191C02C24F4E200C7F9A9 /* NotificationServiceProtocol.swift */,
			);
			path = Protocols;
			sourceTree = "<group>";
		};
		95CC64142B3BB4770010ABC2 /* Constants */ = {
			isa = PBXGroup;
			children = (
				952A746E2C22386000F3D48B /* Legal.swift */,
				955C2D4B2C0CFC6C00F30F83 /* NetworkInfo.swift */,
				9573E0BE2C25B2AA0004DD44 /* OnboardingConstants.swift */,
				95D14FA02C20DC4A00592F52 /* Size.swift */,
			);
			path = Constants;
			sourceTree = "<group>";
		};
		95D14F8E2C208D0800592F52 /* TikTokBased */ = {
			isa = PBXGroup;
			children = (
				95369AD52C21CAA500D3D78D /* TikTokEntry.swift */,
				95E893412C1DCEA500F27E08 /* TabBar.swift */,
				95E893452C1DF0EA00F27E08 /* Feed.swift */,
				95E893472C1DF27100F27E08 /* FeedCell.swift */,
			);
			path = TikTokBased;
			sourceTree = "<group>";
		};
		95D14F8F2C208D1D00592F52 /* TinderBased */ = {
			isa = PBXGroup;
			children = (
				95D14F982C20980D00592F52 /* TinderEntry.swift */,
				95B13CE62C237A83000D5540 /* Auth */,
				9573E0BB2C25AFAC0004DD44 /* Onboarding */,
				95D14F942C20924000592F52 /* MainTabBar.swift */,
				95369AC12C21051E00D3D78D /* Home */,
				951E21202C227A4000E10B70 /* Messages */,
				9546A98B2C21FEA700773D8E /* Profile */,
			);
			path = TinderBased;
			sourceTree = "<group>";
		};
		95E893272C1D351600F27E08 /* SoulSync iMessage extension */ = {
			isa = PBXGroup;
			children = (
				95E893402C1DC98A00F27E08 /* SoulSync iMessage extension.entitlements */,
				95E893282C1D351600F27E08 /* MessagesViewController.swift */,
				95E8932A2C1D351600F27E08 /* MainInterface.storyboard */,
				95E8932D2C1D351800F27E08 /* Assets.xcassets */,
				95E8932F2C1D351800F27E08 /* Info.plist */,
				95E8933F2C1D3DF900F27E08 /* stickers */,
			);
			path = "SoulSync iMessage extension";
			sourceTree = "<group>";
		};
		95E8933F2C1D3DF900F27E08 /* stickers */ = {
			isa = PBXGroup;
			children = (
				95E8933D2C1D3DE600F27E08 /* 1.png */,
			);
			path = stickers;
			sourceTree = "<group>";
		};
/* End PBXGroup section */

/* Begin PBXNativeTarget section */
		954B5F932C0D0E690022F859 /* SoulSyncUITests */ = {
			isa = PBXNativeTarget;
			buildConfigurationList = 954B5F9C2C0D0E690022F859 /* Build configuration list for PBXNativeTarget "SoulSyncUITests" */;
			buildPhases = (
				954B5F902C0D0E690022F859 /* Sources */,
				954B5F912C0D0E690022F859 /* Frameworks */,
				954B5F922C0D0E690022F859 /* Resources */,
			);
			buildRules = (
			);
			dependencies = (
				954B5F9B2C0D0E690022F859 /* PBXTargetDependency */,
			);
			name = SoulSyncUITests;
			productName = SoulSyncUITests;
			productReference = 954B5F942C0D0E690022F859 /* SoulSyncUITests.xctest */;
			productType = "com.apple.product-type.bundle.ui-testing";
		};
		954EF3E92B1573F800925972 /* SoulSync */ = {
			isa = PBXNativeTarget;
			buildConfigurationList = 954EF3F82B1573FA00925972 /* Build configuration list for PBXNativeTarget "SoulSync" */;
			buildPhases = (
				954EF3E62B1573F800925972 /* Sources */,
				954EF3E72B1573F800925972 /* Frameworks */,
				954EF3E82B1573F800925972 /* Resources */,
				954EF4532B1CD1DB00925972 /* Embed Frameworks */,
				956ABBFA2C1D26DF00C2DF60 /* Embed Foundation Extensions */,
			);
			buildRules = (
			);
			dependencies = (
				95E893312C1D351800F27E08 /* PBXTargetDependency */,
			);
			name = SoulSync;
			packageProductDependencies = (
				954EF47A2B1CDCD100925972 /* PhoneNumberKit */,
				957B94B42B4B1385009A52A7 /* iPhoneNumberField */,
				95A191AF2C24F29F00C7F9A9 /* FirebaseAnalytics */,
				95A191B12C24F29F00C7F9A9 /* FirebaseAnalyticsOnDeviceConversion */,
				95A191B32C24F29F00C7F9A9 /* FirebaseAnalyticsSwift */,
				95A191B52C24F29F00C7F9A9 /* FirebaseAnalyticsWithoutAdIdSupport */,
				95A191B72C24F29F00C7F9A9 /* FirebaseAppCheck */,
				95A191C52C2505BB00C7F9A9 /* FirebaseAuth */,
				95A191C72C2505C800C7F9A9 /* FirebaseFirestore */,
				95A191C92C2505C800C7F9A9 /* FirebaseFirestoreSwift */,
				95A191CB2C2505D400C7F9A9 /* FirebaseStorage */,
			);
			productName = SoulSync;
			productReference = 954EF3EA2B1573F800925972 /* SoulSync.app */;
			productType = "com.apple.product-type.application";
		};
		9559375D2B40B0EE006BF0D3 /* SoulSyncTests */ = {
			isa = PBXNativeTarget;
			buildConfigurationList = 955937642B40B0EF006BF0D3 /* Build configuration list for PBXNativeTarget "SoulSyncTests" */;
			buildPhases = (
				9559375A2B40B0EE006BF0D3 /* Sources */,
				9559375B2B40B0EE006BF0D3 /* Frameworks */,
				9559375C2B40B0EE006BF0D3 /* Resources */,
			);
			buildRules = (
			);
			dependencies = (
				955937632B40B0EF006BF0D3 /* PBXTargetDependency */,
			);
			name = SoulSyncTests;
			productName = SoulSyncTests;
			productReference = 9559375E2B40B0EE006BF0D3 /* SoulSyncTests.xctest */;
			productType = "com.apple.product-type.bundle.unit-test";
		};
		95E893232C1D351600F27E08 /* SoulSync iMessage extension */ = {
			isa = PBXNativeTarget;
			buildConfigurationList = 95E893332C1D351800F27E08 /* Build configuration list for PBXNativeTarget "SoulSync iMessage extension" */;
			buildPhases = (
				95E893202C1D351600F27E08 /* Sources */,
				95E893212C1D351600F27E08 /* Frameworks */,
				95E893222C1D351600F27E08 /* Resources */,
			);
			buildRules = (
			);
			dependencies = (
			);
			name = "SoulSync iMessage extension";
			productName = "SoulSync iMessage extension";
			productReference = 95E893242C1D351600F27E08 /* SoulSync iMessage extension.appex */;
			productType = "com.apple.product-type.app-extension.messages";
		};
/* End PBXNativeTarget section */

/* Begin PBXProject section */
		954EF3E22B1573F800925972 /* Project object */ = {
			isa = PBXProject;
			attributes = {
				BuildIndependentTargetsInParallel = 1;
				LastSwiftUpdateCheck = 1600;
				LastUpgradeCheck = 1510;
				TargetAttributes = {
					954B5F932C0D0E690022F859 = {
						CreatedOnToolsVersion = 15.4;
						TestTargetID = 954EF3E92B1573F800925972;
					};
					954EF3E92B1573F800925972 = {
						CreatedOnToolsVersion = 15.0.1;
					};
					9559375D2B40B0EE006BF0D3 = {
						CreatedOnToolsVersion = 15.0.1;
						TestTargetID = 954EF3E92B1573F800925972;
					};
					95E893232C1D351600F27E08 = {
						CreatedOnToolsVersion = 16.0;
					};
				};
			};
			buildConfigurationList = 954EF3E52B1573F800925972 /* Build configuration list for PBXProject "SoulSync" */;
			compatibilityVersion = "Xcode 15.0";
			developmentRegion = en;
			hasScannedForEncodings = 0;
			knownRegions = (
				en,
				Base,
			);
			mainGroup = 954EF3E12B1573F800925972;
			packageReferences = (
				954EF4792B1CDCD100925972 /* XCRemoteSwiftPackageReference "PhoneNumberKit" */,
				957B94B32B4B1385009A52A7 /* XCRemoteSwiftPackageReference "iPhoneNumberField" */,
				95264F532C24B0EA00404164 /* XCRemoteSwiftPackageReference "firebase-ios-sdk" */,
			);
			productRefGroup = 954EF3EB2B1573F800925972 /* Products */;
			projectDirPath = "";
			projectRoot = "";
			targets = (
				954EF3E92B1573F800925972 /* SoulSync */,
				9559375D2B40B0EE006BF0D3 /* SoulSyncTests */,
				954B5F932C0D0E690022F859 /* SoulSyncUITests */,
				95E893232C1D351600F27E08 /* SoulSync iMessage extension */,
			);
		};
/* End PBXProject section */

/* Begin PBXResourcesBuildPhase section */
		954B5F922C0D0E690022F859 /* Resources */ = {
			isa = PBXResourcesBuildPhase;
			buildActionMask = 2147483647;
			files = (
			);
			runOnlyForDeploymentPostprocessing = 0;
		};
		954EF3E82B1573F800925972 /* Resources */ = {
			isa = PBXResourcesBuildPhase;
			buildActionMask = 2147483647;
			files = (
				95EB6FA72B55B968005CD892 /* Launch Screen.storyboard in Resources */,
				95264F552C24B25200404164 /* GoogleService-Info.plist in Resources */,
				954EF3F52B1573FA00925972 /* Preview Assets.xcassets in Resources */,
				95D14F9B2C20C6BE00592F52 /* Media.xcassets in Resources */,
				95EB6FA92B55BA69005CD892 /* Launch Screen Assets.xcassets in Resources */,
				9598AE392B37337800899429 /* video1.mp4 in Resources */,
				95369ADC2C21D39A00D3D78D /* Weather Sunday - Personal Use.otf in Resources */,
				9598AE3A2B37337B00899429 /* video2.mp4 in Resources */,
				954EF3F22B1573FA00925972 /* Assets.xcassets in Resources */,
			);
			runOnlyForDeploymentPostprocessing = 0;
		};
		9559375C2B40B0EE006BF0D3 /* Resources */ = {
			isa = PBXResourcesBuildPhase;
			buildActionMask = 2147483647;
			files = (
			);
			runOnlyForDeploymentPostprocessing = 0;
		};
		95E893222C1D351600F27E08 /* Resources */ = {
			isa = PBXResourcesBuildPhase;
			buildActionMask = 2147483647;
			files = (
				95E8932E2C1D351800F27E08 /* Assets.xcassets in Resources */,
				95E8933E2C1D3DE600F27E08 /* 1.png in Resources */,
				95369ADD2C21D39A00D3D78D /* Weather Sunday - Personal Use.otf in Resources */,
				95E8932C2C1D351600F27E08 /* Base in Resources */,
			);
			runOnlyForDeploymentPostprocessing = 0;
		};
/* End PBXResourcesBuildPhase section */

/* Begin PBXSourcesBuildPhase section */
		954B5F902C0D0E690022F859 /* Sources */ = {
			isa = PBXSourcesBuildPhase;
			buildActionMask = 2147483647;
			files = (
				954B5F992C0D0E690022F859 /* SoulSyncUITestsLaunchTests.swift in Sources */,
				954B5F972C0D0E690022F859 /* SoulSyncUITests.swift in Sources */,
			);
			runOnlyForDeploymentPostprocessing = 0;
		};
		954EF3E62B1573F800925972 /* Sources */ = {
			isa = PBXSourcesBuildPhase;
			buildActionMask = 2147483647;
			files = (
				95D14FA12C20DC4F00592F52 /* Size.swift in Sources */,
				951E21222C227A6400E10B70 /* NewMatches.swift in Sources */,
				95264F522C24929100404164 /* AuthModels.swift in Sources */,
				95E893462C1DF0EA00F27E08 /* Feed.swift in Sources */,
				952A746F2C22386300F3D48B /* Legal.swift in Sources */,
				958BED4A2C0BE73A000A5DE0 /* JailbreakDetector.swift in Sources */,
				951E21242C227AA400E10B70 /* Messages.swift in Sources */,
				95D14F9F2C20D7BB00592F52 /* SwipeActionIndicator.swift in Sources */,
				95369AC32C21054600D3D78D /* CardStack.swift in Sources */,
				9546A9912C22186A00773D8E /* Header.swift in Sources */,
				9546A98A2C21F13A00773D8E /* SwipeActions.swift in Sources */,
				95D14F972C20974300592F52 /* Card.swift in Sources */,
				95369AD42C211D4400D3D78D /* MockData.swift in Sources */,
				95D14F9D2C20CEFD00592F52 /* CardUserInfo.swift in Sources */,
				95E893422C1DCEA500F27E08 /* TabBar.swift in Sources */,
				95369AD22C211C7F00D3D78D /* CardService.swift in Sources */,
				95A191BF2C24F48000C7F9A9 /* NotifacationService.swift in Sources */,
				95B13CE52C236D26000D5540 /* NewMatchItem.swift in Sources */,
				955C2D4C2C0CFC6D00F30F83 /* NetworkInfo.swift in Sources */,
				9573E0BF2C25B2AC0004DD44 /* OnboardingConstants.swift in Sources */,
				956E7EAA2C23681000C11C4A /* MockMatchService.swift in Sources */,
				95D14F912C208E5E00592F52 /* UITemplateDecider.swift in Sources */,
				95B13CE82C237A9C000D5540 /* Auth.swift in Sources */,
				9546A98F2C22174D00773D8E /* Profile.swift in Sources */,
				9546A98D2C21FEE800773D8E /* UserProfileView.swift in Sources */,
				95369AC02C21019A00D3D78D /* CardImageIndicator.swift in Sources */,
				95369AD62C21CAA500D3D78D /* TikTokEntry.swift in Sources */,
				956E7EA82C2367F000C11C4A /* MatchService.swift in Sources */,
				95B13CF12C2384B6000D5540 /* AuthServiceProtocol.swift in Sources */,
				95369AC92C211A9A00D3D78D /* CardModels.swift in Sources */,
				95D14F992C20980D00592F52 /* TinderEntry.swift in Sources */,
				951E21172C224F4500E10B70 /* EditProfile.swift in Sources */,
				9573E0BA2C25146C0004DD44 /* AppDelegate.swift in Sources */,
				951E211F2C226D7400E10B70 /* MatchManager.swift in Sources */,
				95B13CEF2C238491000D5540 /* MatchServiceProtocol.swift in Sources */,
				95A191C12C24F4E300C7F9A9 /* NotificationServiceProtocol.swift in Sources */,
				9546A9882C21EBDE00773D8E /* SwipeActionButtons.swift in Sources */,
				95B13CF52C238505000D5540 /* AuthService.swift in Sources */,
				95B13CEA2C237FD7000D5540 /* Email.swift in Sources */,
				95264F4F2C248BD500404164 /* AuthDataStore.swift in Sources */,
				951E21192C22519000E10B70 /* ProfileImageGrid.swift in Sources */,
				95369ABE2C20FC3300D3D78D /* ImageScrollingOverlay.swift in Sources */,
				95369ACD2C211B2100D3D78D /* CardsViewModel.swift in Sources */,
				954EF3EE2B1573F800925972 /* SoulSyncApp.swift in Sources */,
				95B13CEC2C238263000D5540 /* Password.swift in Sources */,
				95A191C42C24F8E100C7F9A9 /* DeviceIDProvider.swift in Sources */,
				95D14F952C20924000592F52 /* MainTabBar.swift in Sources */,
				9573E0BD2C25AFE90004DD44 /* Onboarding.swift in Sources */,
				951E211B2C22638A00E10B70 /* Match.swift in Sources */,
				95369AC72C2119D600D3D78D /* UserModels.swift in Sources */,
				956E7EA62C23663900C11C4A /* MatchModels.swift in Sources */,
				95E893482C1DF27100F27E08 /* FeedCell.swift in Sources */,
				95B13CF32C2384F5000D5540 /* MockAuthService.swift in Sources */,
				95B13CF72C2386CF000D5540 /* AuthManager.swift in Sources */,
				95369AC52C2105B700D3D78D /* Home.swift in Sources */,
			);
			runOnlyForDeploymentPostprocessing = 0;
		};
		9559375A2B40B0EE006BF0D3 /* Sources */ = {
			isa = PBXSourcesBuildPhase;
			buildActionMask = 2147483647;
			files = (
				955937612B40B0EF006BF0D3 /* SoulSyncTests.swift in Sources */,
			);
			runOnlyForDeploymentPostprocessing = 0;
		};
		95E893202C1D351600F27E08 /* Sources */ = {
			isa = PBXSourcesBuildPhase;
			buildActionMask = 2147483647;
			files = (
				95E893292C1D351600F27E08 /* MessagesViewController.swift in Sources */,
			);
			runOnlyForDeploymentPostprocessing = 0;
		};
/* End PBXSourcesBuildPhase section */

/* Begin PBXTargetDependency section */
		954B5F9B2C0D0E690022F859 /* PBXTargetDependency */ = {
			isa = PBXTargetDependency;
			target = 954EF3E92B1573F800925972 /* SoulSync */;
			targetProxy = 954B5F9A2C0D0E690022F859 /* PBXContainerItemProxy */;
		};
		955937632B40B0EF006BF0D3 /* PBXTargetDependency */ = {
			isa = PBXTargetDependency;
			target = 954EF3E92B1573F800925972 /* SoulSync */;
			targetProxy = 955937622B40B0EF006BF0D3 /* PBXContainerItemProxy */;
		};
		95E893312C1D351800F27E08 /* PBXTargetDependency */ = {
			isa = PBXTargetDependency;
			target = 95E893232C1D351600F27E08 /* SoulSync iMessage extension */;
			targetProxy = 95E893302C1D351800F27E08 /* PBXContainerItemProxy */;
		};
/* End PBXTargetDependency section */

/* Begin PBXVariantGroup section */
		95E8932A2C1D351600F27E08 /* MainInterface.storyboard */ = {
			isa = PBXVariantGroup;
			children = (
				95E8932B2C1D351600F27E08 /* Base */,
			);
			name = MainInterface.storyboard;
			sourceTree = "<group>";
		};
/* End PBXVariantGroup section */

/* Begin XCBuildConfiguration section */
		954B5F9D2C0D0E690022F859 /* Debug */ = {
			isa = XCBuildConfiguration;
			buildSettings = {
				CODE_SIGN_STYLE = Automatic;
				CURRENT_PROJECT_VERSION = 1;
				DEVELOPMENT_TEAM = 8UA385N825;
				GENERATE_INFOPLIST_FILE = YES;
				IPHONEOS_DEPLOYMENT_TARGET = 17.5;
				MARKETING_VERSION = 1.0;
				PRODUCT_BUNDLE_IDENTIFIER = com.hannaskairipa.SoulSyncUITests;
				PRODUCT_NAME = "$(TARGET_NAME)";
				SWIFT_EMIT_LOC_STRINGS = NO;
				SWIFT_VERSION = 5.0;
				TARGETED_DEVICE_FAMILY = "1,2";
				TEST_TARGET_NAME = SoulSync;
			};
			name = Debug;
		};
		954B5F9E2C0D0E690022F859 /* Release */ = {
			isa = XCBuildConfiguration;
			buildSettings = {
				CODE_SIGN_STYLE = Automatic;
				CURRENT_PROJECT_VERSION = 1;
				DEVELOPMENT_TEAM = 8UA385N825;
				GENERATE_INFOPLIST_FILE = YES;
				IPHONEOS_DEPLOYMENT_TARGET = 17.5;
				MARKETING_VERSION = 1.0;
				PRODUCT_BUNDLE_IDENTIFIER = com.hannaskairipa.SoulSyncUITests;
				PRODUCT_NAME = "$(TARGET_NAME)";
				SWIFT_EMIT_LOC_STRINGS = NO;
				SWIFT_VERSION = 5.0;
				TARGETED_DEVICE_FAMILY = "1,2";
				TEST_TARGET_NAME = SoulSync;
			};
			name = Release;
		};
		954EF3F62B1573FA00925972 /* Debug */ = {
			isa = XCBuildConfiguration;
			baseConfigurationReference = 95CC64152B3BB4B90010ABC2 /* Config.xcconfig */;
			buildSettings = {
				ALWAYS_SEARCH_USER_PATHS = NO;
				ASSETCATALOG_COMPILER_GENERATE_SWIFT_ASSET_SYMBOL_EXTENSIONS = YES;
				CLANG_ANALYZER_NONNULL = YES;
				CLANG_ANALYZER_NUMBER_OBJECT_CONVERSION = YES_AGGRESSIVE;
				CLANG_CXX_LANGUAGE_STANDARD = "gnu++20";
				CLANG_ENABLE_MODULES = YES;
				CLANG_ENABLE_OBJC_ARC = YES;
				CLANG_ENABLE_OBJC_WEAK = YES;
				CLANG_WARN_BLOCK_CAPTURE_AUTORELEASING = YES;
				CLANG_WARN_BOOL_CONVERSION = YES;
				CLANG_WARN_COMMA = YES;
				CLANG_WARN_CONSTANT_CONVERSION = YES;
				CLANG_WARN_DEPRECATED_OBJC_IMPLEMENTATIONS = YES;
				CLANG_WARN_DIRECT_OBJC_ISA_USAGE = YES_ERROR;
				CLANG_WARN_DOCUMENTATION_COMMENTS = YES;
				CLANG_WARN_EMPTY_BODY = YES;
				CLANG_WARN_ENUM_CONVERSION = YES;
				CLANG_WARN_INFINITE_RECURSION = YES;
				CLANG_WARN_INT_CONVERSION = YES;
				CLANG_WARN_NON_LITERAL_NULL_CONVERSION = YES;
				CLANG_WARN_OBJC_IMPLICIT_RETAIN_SELF = YES;
				CLANG_WARN_OBJC_LITERAL_CONVERSION = YES;
				CLANG_WARN_OBJC_ROOT_CLASS = YES_ERROR;
				CLANG_WARN_QUOTED_INCLUDE_IN_FRAMEWORK_HEADER = YES;
				CLANG_WARN_RANGE_LOOP_ANALYSIS = YES;
				CLANG_WARN_STRICT_PROTOTYPES = YES;
				CLANG_WARN_SUSPICIOUS_MOVE = YES;
				CLANG_WARN_UNGUARDED_AVAILABILITY = YES_AGGRESSIVE;
				CLANG_WARN_UNREACHABLE_CODE = YES;
				CLANG_WARN__DUPLICATE_METHOD_MATCH = YES;
				COPY_PHASE_STRIP = NO;
				DEBUG_INFORMATION_FORMAT = dwarf;
				ENABLE_STRICT_OBJC_MSGSEND = YES;
				ENABLE_TESTABILITY = YES;
				ENABLE_USER_SCRIPT_SANDBOXING = YES;
				GCC_C_LANGUAGE_STANDARD = gnu17;
				GCC_DYNAMIC_NO_PIC = NO;
				GCC_NO_COMMON_BLOCKS = YES;
				GCC_OPTIMIZATION_LEVEL = 0;
				GCC_PREPROCESSOR_DEFINITIONS = (
					"DEBUG=1",
					"$(inherited)",
				);
				GCC_WARN_64_TO_32_BIT_CONVERSION = YES;
				GCC_WARN_ABOUT_RETURN_TYPE = YES_ERROR;
				GCC_WARN_UNDECLARED_SELECTOR = YES;
				GCC_WARN_UNINITIALIZED_AUTOS = YES_AGGRESSIVE;
				GCC_WARN_UNUSED_FUNCTION = YES;
				GCC_WARN_UNUSED_VARIABLE = YES;
				IPHONEOS_DEPLOYMENT_TARGET = 17.0;
				LOCALIZATION_PREFERS_STRING_CATALOGS = YES;
				MTL_ENABLE_DEBUG_INFO = INCLUDE_SOURCE;
				MTL_FAST_MATH = YES;
				ONLY_ACTIVE_ARCH = YES;
				SDKROOT = iphoneos;
				SWIFT_ACTIVE_COMPILATION_CONDITIONS = "DEBUG $(inherited)";
				SWIFT_OPTIMIZATION_LEVEL = "-Onone";
			};
			name = Debug;
		};
		954EF3F72B1573FA00925972 /* Release */ = {
			isa = XCBuildConfiguration;
			baseConfigurationReference = 95CC64152B3BB4B90010ABC2 /* Config.xcconfig */;
			buildSettings = {
				ALWAYS_SEARCH_USER_PATHS = NO;
				ASSETCATALOG_COMPILER_GENERATE_SWIFT_ASSET_SYMBOL_EXTENSIONS = YES;
				CLANG_ANALYZER_NONNULL = YES;
				CLANG_ANALYZER_NUMBER_OBJECT_CONVERSION = YES_AGGRESSIVE;
				CLANG_CXX_LANGUAGE_STANDARD = "gnu++20";
				CLANG_ENABLE_MODULES = YES;
				CLANG_ENABLE_OBJC_ARC = YES;
				CLANG_ENABLE_OBJC_WEAK = YES;
				CLANG_WARN_BLOCK_CAPTURE_AUTORELEASING = YES;
				CLANG_WARN_BOOL_CONVERSION = YES;
				CLANG_WARN_COMMA = YES;
				CLANG_WARN_CONSTANT_CONVERSION = YES;
				CLANG_WARN_DEPRECATED_OBJC_IMPLEMENTATIONS = YES;
				CLANG_WARN_DIRECT_OBJC_ISA_USAGE = YES_ERROR;
				CLANG_WARN_DOCUMENTATION_COMMENTS = YES;
				CLANG_WARN_EMPTY_BODY = YES;
				CLANG_WARN_ENUM_CONVERSION = YES;
				CLANG_WARN_INFINITE_RECURSION = YES;
				CLANG_WARN_INT_CONVERSION = YES;
				CLANG_WARN_NON_LITERAL_NULL_CONVERSION = YES;
				CLANG_WARN_OBJC_IMPLICIT_RETAIN_SELF = YES;
				CLANG_WARN_OBJC_LITERAL_CONVERSION = YES;
				CLANG_WARN_OBJC_ROOT_CLASS = YES_ERROR;
				CLANG_WARN_QUOTED_INCLUDE_IN_FRAMEWORK_HEADER = YES;
				CLANG_WARN_RANGE_LOOP_ANALYSIS = YES;
				CLANG_WARN_STRICT_PROTOTYPES = YES;
				CLANG_WARN_SUSPICIOUS_MOVE = YES;
				CLANG_WARN_UNGUARDED_AVAILABILITY = YES_AGGRESSIVE;
				CLANG_WARN_UNREACHABLE_CODE = YES;
				CLANG_WARN__DUPLICATE_METHOD_MATCH = YES;
				COPY_PHASE_STRIP = NO;
				DEBUG_INFORMATION_FORMAT = "dwarf-with-dsym";
				ENABLE_NS_ASSERTIONS = NO;
				ENABLE_STRICT_OBJC_MSGSEND = YES;
				ENABLE_USER_SCRIPT_SANDBOXING = YES;
				GCC_C_LANGUAGE_STANDARD = gnu17;
				GCC_NO_COMMON_BLOCKS = YES;
				GCC_WARN_64_TO_32_BIT_CONVERSION = YES;
				GCC_WARN_ABOUT_RETURN_TYPE = YES_ERROR;
				GCC_WARN_UNDECLARED_SELECTOR = YES;
				GCC_WARN_UNINITIALIZED_AUTOS = YES_AGGRESSIVE;
				GCC_WARN_UNUSED_FUNCTION = YES;
				GCC_WARN_UNUSED_VARIABLE = YES;
				IPHONEOS_DEPLOYMENT_TARGET = 17.0;
				LOCALIZATION_PREFERS_STRING_CATALOGS = YES;
				MTL_ENABLE_DEBUG_INFO = NO;
				MTL_FAST_MATH = YES;
				SDKROOT = iphoneos;
				SWIFT_COMPILATION_MODE = wholemodule;
				VALIDATE_PRODUCT = YES;
			};
			name = Release;
		};
		954EF3F92B1573FA00925972 /* Debug */ = {
			isa = XCBuildConfiguration;
			baseConfigurationReference = 95CC64152B3BB4B90010ABC2 /* Config.xcconfig */;
			buildSettings = {
				ASSETCATALOG_COMPILER_APPICON_NAME = AppIcon;
				ASSETCATALOG_COMPILER_GLOBAL_ACCENT_COLOR_NAME = AccentColor;
				CODE_SIGN_ENTITLEMENTS = SoulSync/SoulSync.entitlements;
				CODE_SIGN_STYLE = Automatic;
				CURRENT_PROJECT_VERSION = 20;
				DEVELOPMENT_ASSET_PATHS = "\"SoulSync/Preview Content\"";
				DEVELOPMENT_TEAM = 8UA385N825;
				ENABLE_PREVIEWS = YES;
				GENERATE_INFOPLIST_FILE = YES;
				INFOPLIST_FILE = SoulSync/Info.plist;
				INFOPLIST_KEY_CFBundleDisplayName = SoulSync;
				INFOPLIST_KEY_LSApplicationCategoryType = "public.app-category.social-networking";
				INFOPLIST_KEY_NSCameraUsageDescription = "We need camera to make you video pitch";
				INFOPLIST_KEY_NSMicrophoneUsageDescription = "We need mic access to go aong with the video";
				INFOPLIST_KEY_NSPhotoLibraryUsageDescription = "We need to save the pitch to your camera roll";
				INFOPLIST_KEY_UIApplicationSceneManifest_Generation = YES;
				INFOPLIST_KEY_UIApplicationSupportsIndirectInputEvents = YES;
				INFOPLIST_KEY_UILaunchScreen_Generation = YES;
				INFOPLIST_KEY_UILaunchStoryboardName = "Launch Screen.storyboard";
				INFOPLIST_KEY_UIStatusBarStyle = UIStatusBarStyleDarkContent;
				INFOPLIST_KEY_UISupportedInterfaceOrientations = UIInterfaceOrientationPortrait;
				INFOPLIST_KEY_UISupportedInterfaceOrientations_iPad = "UIInterfaceOrientationLandscapeLeft UIInterfaceOrientationLandscapeRight UIInterfaceOrientationPortrait UIInterfaceOrientationPortraitUpsideDown";
				IPHONEOS_DEPLOYMENT_TARGET = 17.0;
				LD_RUNPATH_SEARCH_PATHS = (
					"$(inherited)",
					"@executable_path/Frameworks",
				);
				MARKETING_VERSION = 1.0;
				PRODUCT_BUNDLE_IDENTIFIER = com.hannaskairipa.SoulSync;
				PRODUCT_NAME = "$(TARGET_NAME)";
				SUPPORTED_PLATFORMS = "iphoneos iphonesimulator";
				SUPPORTS_MACCATALYST = NO;
				SUPPORTS_MAC_DESIGNED_FOR_IPHONE_IPAD = NO;
				SWIFT_EMIT_LOC_STRINGS = YES;
				SWIFT_ENABLE_BARE_SLASH_REGEX = NO;
				SWIFT_STRICT_CONCURRENCY = minimal;
				SWIFT_UPCOMING_FEATURE_CONCISE_MAGIC_FILE = NO;
				SWIFT_UPCOMING_FEATURE_DEPRECATE_APPLICATION_MAIN = NO;
				SWIFT_UPCOMING_FEATURE_DISABLE_OUTWARD_ACTOR_ISOLATION = NO;
				SWIFT_UPCOMING_FEATURE_EXISTENTIAL_ANY = NO;
				SWIFT_UPCOMING_FEATURE_FORWARD_TRAILING_CLOSURES = NO;
				SWIFT_UPCOMING_FEATURE_GLOBAL_CONCURRENCY = NO;
				SWIFT_UPCOMING_FEATURE_IMPLICIT_OPEN_EXISTENTIALS = NO;
				SWIFT_UPCOMING_FEATURE_IMPORT_OBJC_FORWARD_DECLS = NO;
				SWIFT_UPCOMING_FEATURE_INFER_SENDABLE_FROM_CAPTURES = NO;
				SWIFT_UPCOMING_FEATURE_ISOLATED_DEFAULT_VALUES = NO;
				SWIFT_UPCOMING_FEATURE_REGION_BASED_ISOLATION = NO;
				SWIFT_VERSION = 5.0;
				TARGETED_DEVICE_FAMILY = "1,2";
			};
			name = Debug;
		};
		954EF3FA2B1573FA00925972 /* Release */ = {
			isa = XCBuildConfiguration;
			baseConfigurationReference = 95CC64152B3BB4B90010ABC2 /* Config.xcconfig */;
			buildSettings = {
				ASSETCATALOG_COMPILER_APPICON_NAME = AppIcon;
				ASSETCATALOG_COMPILER_GLOBAL_ACCENT_COLOR_NAME = AccentColor;
				CODE_SIGN_ENTITLEMENTS = SoulSync/SoulSync.entitlements;
				CODE_SIGN_STYLE = Automatic;
				CURRENT_PROJECT_VERSION = 20;
				DEVELOPMENT_ASSET_PATHS = "\"SoulSync/Preview Content\"";
				DEVELOPMENT_TEAM = 8UA385N825;
				ENABLE_PREVIEWS = YES;
				GENERATE_INFOPLIST_FILE = YES;
				INFOPLIST_FILE = SoulSync/Info.plist;
				INFOPLIST_KEY_CFBundleDisplayName = SoulSync;
				INFOPLIST_KEY_LSApplicationCategoryType = "public.app-category.social-networking";
				INFOPLIST_KEY_NSCameraUsageDescription = "We need camera to make you video pitch";
				INFOPLIST_KEY_NSMicrophoneUsageDescription = "We need mic access to go aong with the video";
				INFOPLIST_KEY_NSPhotoLibraryUsageDescription = "We need to save the pitch to your camera roll";
				INFOPLIST_KEY_UIApplicationSceneManifest_Generation = YES;
				INFOPLIST_KEY_UIApplicationSupportsIndirectInputEvents = YES;
				INFOPLIST_KEY_UILaunchScreen_Generation = YES;
				INFOPLIST_KEY_UILaunchStoryboardName = "Launch Screen.storyboard";
				INFOPLIST_KEY_UIStatusBarStyle = UIStatusBarStyleDarkContent;
				INFOPLIST_KEY_UISupportedInterfaceOrientations = UIInterfaceOrientationPortrait;
				INFOPLIST_KEY_UISupportedInterfaceOrientations_iPad = "UIInterfaceOrientationLandscapeLeft UIInterfaceOrientationLandscapeRight UIInterfaceOrientationPortrait UIInterfaceOrientationPortraitUpsideDown";
				IPHONEOS_DEPLOYMENT_TARGET = 17.0;
				LD_RUNPATH_SEARCH_PATHS = (
					"$(inherited)",
					"@executable_path/Frameworks",
				);
				MARKETING_VERSION = 1.0;
				PRODUCT_BUNDLE_IDENTIFIER = com.hannaskairipa.SoulSync;
				PRODUCT_NAME = "$(TARGET_NAME)";
				SUPPORTED_PLATFORMS = "iphoneos iphonesimulator";
				SUPPORTS_MACCATALYST = NO;
				SUPPORTS_MAC_DESIGNED_FOR_IPHONE_IPAD = NO;
				SWIFT_EMIT_LOC_STRINGS = YES;
				SWIFT_ENABLE_BARE_SLASH_REGEX = NO;
				SWIFT_STRICT_CONCURRENCY = minimal;
				SWIFT_UPCOMING_FEATURE_CONCISE_MAGIC_FILE = NO;
				SWIFT_UPCOMING_FEATURE_DEPRECATE_APPLICATION_MAIN = NO;
				SWIFT_UPCOMING_FEATURE_DISABLE_OUTWARD_ACTOR_ISOLATION = NO;
				SWIFT_UPCOMING_FEATURE_EXISTENTIAL_ANY = NO;
				SWIFT_UPCOMING_FEATURE_FORWARD_TRAILING_CLOSURES = NO;
				SWIFT_UPCOMING_FEATURE_GLOBAL_CONCURRENCY = NO;
				SWIFT_UPCOMING_FEATURE_IMPLICIT_OPEN_EXISTENTIALS = NO;
				SWIFT_UPCOMING_FEATURE_IMPORT_OBJC_FORWARD_DECLS = NO;
				SWIFT_UPCOMING_FEATURE_INFER_SENDABLE_FROM_CAPTURES = NO;
				SWIFT_UPCOMING_FEATURE_ISOLATED_DEFAULT_VALUES = NO;
				SWIFT_UPCOMING_FEATURE_REGION_BASED_ISOLATION = NO;
				SWIFT_VERSION = 5.0;
				TARGETED_DEVICE_FAMILY = "1,2";
			};
			name = Release;
		};
		955937652B40B0EF006BF0D3 /* Debug */ = {
			isa = XCBuildConfiguration;
			buildSettings = {
				BUNDLE_LOADER = "$(TEST_HOST)";
				CODE_SIGN_STYLE = Automatic;
				CURRENT_PROJECT_VERSION = 1;
				DEAD_CODE_STRIPPING = YES;
				DEVELOPMENT_TEAM = 8UA385N825;
				GENERATE_INFOPLIST_FILE = YES;
				IPHONEOS_DEPLOYMENT_TARGET = 17.0;
				MACOSX_DEPLOYMENT_TARGET = 14.0;
				MARKETING_VERSION = 1.0;
				PRODUCT_BUNDLE_IDENTIFIER = com.cendrive.SoulSyncTests;
				PRODUCT_NAME = "$(TARGET_NAME)";
				SDKROOT = auto;
				SUPPORTED_PLATFORMS = "iphoneos iphonesimulator macosx";
				SWIFT_EMIT_LOC_STRINGS = NO;
				SWIFT_VERSION = 5.0;
				TARGETED_DEVICE_FAMILY = "1,2";
				TEST_HOST = "$(BUILT_PRODUCTS_DIR)/SoulSync.app/$(BUNDLE_EXECUTABLE_FOLDER_PATH)/SoulSync";
			};
			name = Debug;
		};
		955937662B40B0EF006BF0D3 /* Release */ = {
			isa = XCBuildConfiguration;
			buildSettings = {
				BUNDLE_LOADER = "$(TEST_HOST)";
				CODE_SIGN_STYLE = Automatic;
				CURRENT_PROJECT_VERSION = 1;
				DEAD_CODE_STRIPPING = YES;
				DEVELOPMENT_TEAM = 8UA385N825;
				GENERATE_INFOPLIST_FILE = YES;
				IPHONEOS_DEPLOYMENT_TARGET = 17.0;
				MACOSX_DEPLOYMENT_TARGET = 14.0;
				MARKETING_VERSION = 1.0;
				PRODUCT_BUNDLE_IDENTIFIER = com.cendrive.SoulSyncTests;
				PRODUCT_NAME = "$(TARGET_NAME)";
				SDKROOT = auto;
				SUPPORTED_PLATFORMS = "iphoneos iphonesimulator macosx";
				SWIFT_EMIT_LOC_STRINGS = NO;
				SWIFT_VERSION = 5.0;
				TARGETED_DEVICE_FAMILY = "1,2";
				TEST_HOST = "$(BUILT_PRODUCTS_DIR)/SoulSync.app/$(BUNDLE_EXECUTABLE_FOLDER_PATH)/SoulSync";
			};
			name = Release;
		};
		95E893342C1D351800F27E08 /* Debug */ = {
			isa = XCBuildConfiguration;
			buildSettings = {
				ASSETCATALOG_COMPILER_APPICON_NAME = "iMessage App Icon";
				CODE_SIGN_ENTITLEMENTS = "SoulSync iMessage extension/SoulSync iMessage extension.entitlements";
				CODE_SIGN_STYLE = Automatic;
				CURRENT_PROJECT_VERSION = 20;
				DEVELOPMENT_TEAM = 8UA385N825;
				GENERATE_INFOPLIST_FILE = YES;
				INFOPLIST_FILE = "SoulSync iMessage extension/Info.plist";
				INFOPLIST_KEY_CFBundleDisplayName = SoulSync;
				INFOPLIST_KEY_NSHumanReadableCopyright = "";
				IPHONEOS_DEPLOYMENT_TARGET = 18.0;
				LD_RUNPATH_SEARCH_PATHS = (
					"$(inherited)",
					"@executable_path/Frameworks",
					"@executable_path/../../Frameworks",
				);
				MARKETING_VERSION = 1.0;
				PRODUCT_BUNDLE_IDENTIFIER = "com.hannaskairipa.SoulSync.SoulSync-iMessage-extension";
				PRODUCT_NAME = "$(TARGET_NAME)";
				SKIP_INSTALL = YES;
				SWIFT_EMIT_LOC_STRINGS = YES;
				SWIFT_VERSION = 5.0;
				TARGETED_DEVICE_FAMILY = "1,2";
			};
			name = Debug;
		};
		95E893352C1D351800F27E08 /* Release */ = {
			isa = XCBuildConfiguration;
			buildSettings = {
				ASSETCATALOG_COMPILER_APPICON_NAME = "iMessage App Icon";
				CODE_SIGN_ENTITLEMENTS = "SoulSync iMessage extension/SoulSync iMessage extension.entitlements";
				CODE_SIGN_STYLE = Automatic;
				CURRENT_PROJECT_VERSION = 20;
				DEVELOPMENT_TEAM = 8UA385N825;
				GENERATE_INFOPLIST_FILE = YES;
				INFOPLIST_FILE = "SoulSync iMessage extension/Info.plist";
				INFOPLIST_KEY_CFBundleDisplayName = SoulSync;
				INFOPLIST_KEY_NSHumanReadableCopyright = "";
				IPHONEOS_DEPLOYMENT_TARGET = 18.0;
				LD_RUNPATH_SEARCH_PATHS = (
					"$(inherited)",
					"@executable_path/Frameworks",
					"@executable_path/../../Frameworks",
				);
				MARKETING_VERSION = 1.0;
				PRODUCT_BUNDLE_IDENTIFIER = "com.hannaskairipa.SoulSync.SoulSync-iMessage-extension";
				PRODUCT_NAME = "$(TARGET_NAME)";
				SKIP_INSTALL = YES;
				SWIFT_EMIT_LOC_STRINGS = YES;
				SWIFT_VERSION = 5.0;
				TARGETED_DEVICE_FAMILY = "1,2";
			};
			name = Release;
		};
/* End XCBuildConfiguration section */

/* Begin XCConfigurationList section */
		954B5F9C2C0D0E690022F859 /* Build configuration list for PBXNativeTarget "SoulSyncUITests" */ = {
			isa = XCConfigurationList;
			buildConfigurations = (
				954B5F9D2C0D0E690022F859 /* Debug */,
				954B5F9E2C0D0E690022F859 /* Release */,
			);
			defaultConfigurationIsVisible = 0;
			defaultConfigurationName = Release;
		};
		954EF3E52B1573F800925972 /* Build configuration list for PBXProject "SoulSync" */ = {
			isa = XCConfigurationList;
			buildConfigurations = (
				954EF3F62B1573FA00925972 /* Debug */,
				954EF3F72B1573FA00925972 /* Release */,
			);
			defaultConfigurationIsVisible = 0;
			defaultConfigurationName = Release;
		};
		954EF3F82B1573FA00925972 /* Build configuration list for PBXNativeTarget "SoulSync" */ = {
			isa = XCConfigurationList;
			buildConfigurations = (
				954EF3F92B1573FA00925972 /* Debug */,
				954EF3FA2B1573FA00925972 /* Release */,
			);
			defaultConfigurationIsVisible = 0;
			defaultConfigurationName = Release;
		};
		955937642B40B0EF006BF0D3 /* Build configuration list for PBXNativeTarget "SoulSyncTests" */ = {
			isa = XCConfigurationList;
			buildConfigurations = (
				955937652B40B0EF006BF0D3 /* Debug */,
				955937662B40B0EF006BF0D3 /* Release */,
			);
			defaultConfigurationIsVisible = 0;
			defaultConfigurationName = Release;
		};
		95E893332C1D351800F27E08 /* Build configuration list for PBXNativeTarget "SoulSync iMessage extension" */ = {
			isa = XCConfigurationList;
			buildConfigurations = (
				95E893342C1D351800F27E08 /* Debug */,
				95E893352C1D351800F27E08 /* Release */,
			);
			defaultConfigurationIsVisible = 0;
			defaultConfigurationName = Release;
		};
/* End XCConfigurationList section */

/* Begin XCRemoteSwiftPackageReference section */
		95264F532C24B0EA00404164 /* XCRemoteSwiftPackageReference "firebase-ios-sdk" */ = {
			isa = XCRemoteSwiftPackageReference;
			repositoryURL = "https://github.com/firebase/firebase-ios-sdk";
			requirement = {
				kind = upToNextMajorVersion;
				minimumVersion = 10.28.0;
			};
		};
		954EF4792B1CDCD100925972 /* XCRemoteSwiftPackageReference "PhoneNumberKit" */ = {
			isa = XCRemoteSwiftPackageReference;
			repositoryURL = "https://github.com/marmelroy/PhoneNumberKit.git";
			requirement = {
				kind = upToNextMajorVersion;
				minimumVersion = 3.7.5;
			};
		};
		957B94B32B4B1385009A52A7 /* XCRemoteSwiftPackageReference "iPhoneNumberField" */ = {
			isa = XCRemoteSwiftPackageReference;
			repositoryURL = "https://github.com/MojtabaHs/iPhoneNumberField.git";
			requirement = {
				kind = upToNextMajorVersion;
				minimumVersion = 0.10.1;
			};
		};
/* End XCRemoteSwiftPackageReference section */

/* Begin XCSwiftPackageProductDependency section */
		954EF47A2B1CDCD100925972 /* PhoneNumberKit */ = {
			isa = XCSwiftPackageProductDependency;
			package = 954EF4792B1CDCD100925972 /* XCRemoteSwiftPackageReference "PhoneNumberKit" */;
			productName = PhoneNumberKit;
		};
		957B94B42B4B1385009A52A7 /* iPhoneNumberField */ = {
			isa = XCSwiftPackageProductDependency;
			package = 957B94B32B4B1385009A52A7 /* XCRemoteSwiftPackageReference "iPhoneNumberField" */;
			productName = iPhoneNumberField;
		};
		95A191AF2C24F29F00C7F9A9 /* FirebaseAnalytics */ = {
			isa = XCSwiftPackageProductDependency;
			package = 95264F532C24B0EA00404164 /* XCRemoteSwiftPackageReference "firebase-ios-sdk" */;
			productName = FirebaseAnalytics;
		};
		95A191B12C24F29F00C7F9A9 /* FirebaseAnalyticsOnDeviceConversion */ = {
			isa = XCSwiftPackageProductDependency;
			package = 95264F532C24B0EA00404164 /* XCRemoteSwiftPackageReference "firebase-ios-sdk" */;
			productName = FirebaseAnalyticsOnDeviceConversion;
		};
		95A191B32C24F29F00C7F9A9 /* FirebaseAnalyticsSwift */ = {
			isa = XCSwiftPackageProductDependency;
			package = 95264F532C24B0EA00404164 /* XCRemoteSwiftPackageReference "firebase-ios-sdk" */;
			productName = FirebaseAnalyticsSwift;
		};
		95A191B52C24F29F00C7F9A9 /* FirebaseAnalyticsWithoutAdIdSupport */ = {
			isa = XCSwiftPackageProductDependency;
			package = 95264F532C24B0EA00404164 /* XCRemoteSwiftPackageReference "firebase-ios-sdk" */;
			productName = FirebaseAnalyticsWithoutAdIdSupport;
		};
		95A191B72C24F29F00C7F9A9 /* FirebaseAppCheck */ = {
			isa = XCSwiftPackageProductDependency;
			package = 95264F532C24B0EA00404164 /* XCRemoteSwiftPackageReference "firebase-ios-sdk" */;
			productName = FirebaseAppCheck;
		};
		95A191C52C2505BB00C7F9A9 /* FirebaseAuth */ = {
			isa = XCSwiftPackageProductDependency;
			package = 95264F532C24B0EA00404164 /* XCRemoteSwiftPackageReference "firebase-ios-sdk" */;
			productName = FirebaseAuth;
		};
		95A191C72C2505C800C7F9A9 /* FirebaseFirestore */ = {
			isa = XCSwiftPackageProductDependency;
			package = 95264F532C24B0EA00404164 /* XCRemoteSwiftPackageReference "firebase-ios-sdk" */;
			productName = FirebaseFirestore;
		};
		95A191C92C2505C800C7F9A9 /* FirebaseFirestoreSwift */ = {
			isa = XCSwiftPackageProductDependency;
			package = 95264F532C24B0EA00404164 /* XCRemoteSwiftPackageReference "firebase-ios-sdk" */;
			productName = FirebaseFirestoreSwift;
		};
		95A191CB2C2505D400C7F9A9 /* FirebaseStorage */ = {
			isa = XCSwiftPackageProductDependency;
			package = 95264F532C24B0EA00404164 /* XCRemoteSwiftPackageReference "firebase-ios-sdk" */;
			productName = FirebaseStorage;
		};
/* End XCSwiftPackageProductDependency section */
	};
	rootObject = 954EF3E22B1573F800925972 /* Project object */;
}
